
Microsoft Visual Studio Solution File, Format Version 12.00
# Visual Studio Version 17
VisualStudioVersion = 17.11.35312.102
MinimumVisualStudioVersion = 10.0.40219.1
Project("{FAE04EC0-301F-11D3-BF4B-00C04F79EFBC}") = "MauiAppHotel", "MauiAppHotel\MauiAppHotel.csproj", "{537FF5CE-91A5-4F04-9C5D-CC5A3E719E6C}"
EndProject
Global
	GlobalSection(SolutionConfigurationPlatforms) = preSolution
		Debug|Any CPU = Debug|Any CPU
		Release|Any CPU = Release|Any CPU
	EndGlobalSection
	GlobalSection(ProjectConfigurationPlatforms) = postSolution
		{537FF5CE-91A5-4F04-9C5D-CC5A3E719E6C}.Debug|Any CPU.ActiveCfg = Debug|Any CPU
		{537FF5CE-91A5-4F04-9C5D-CC5A3E719E6C}.Debug|Any CPU.Build.0 = Debug|Any CPU
		{537FF5CE-91A5-4F04-9C5D-CC5A3E719E6C}.Debug|Any CPU.Deploy.0 = Debug|Any CPU
		{537FF5CE-91A5-4F04-9C5D-CC5A3E719E6C}.Release|Any CPU.ActiveCfg = Release|Any CPU
		{537FF5CE-91A5-4F04-9C5D-CC5A3E719E6C}.Release|Any CPU.Build.0 = Release|Any CPU
		{537FF5CE-91A5-4F04-9C5D-CC5A3E719E6C}.Release|Any CPU.Deploy.0 = Release|Any CPU
	EndGlobalSection
	GlobalSection(SolutionProperties) = preSolution
		HideSolutionNode = FALSE
	EndGlobalSection
	GlobalSection(ExtensibilityGlobals) = postSolution
		SolutionGuid = {F0B48D67-1C1E-4664-96EE-D1055EFB285B}
	EndGlobalSection
EndGlobal
